{
  "nodes": {
    "nixpkgs": {
      "locked": {
        "lastModified": 1654593855,
        "narHash": "sha256-c+SyXvj7THre87OyIdZfRVR+HhI/g1ZDrQ3VUtTuHkU=",
        "owner": "NixOS",
        "repo": "nixpkgs",
        "rev": "033bd4fa9a8fbe0c68a88e925d9a884161044b25",
        "type": "github"
      },
      "original": {
        "owner": "NixOS",
        "ref": "nixos-unstable",
        "repo": "nixpkgs",
        "type": "github"
      }
    },
    "root": {
      "inputs": {
        "nixpkgs": "nixpkgs"
      }
    }
  },
  "root": "root",
  "version": 7
}
