{
  "nodes": {
    "nixpkgs": {
      "locked": {
        "lastModified": 1661239211,
        "narHash": "sha256-pNJzBlSNpWEiFJZnLF2oETYq8cGWx1DJPW33aMtG6n8=",
        "owner": "NixOS",
        "repo": "nixpkgs",
        "rev": "5e804cd8a27f835a402b22e086e36e797716ef8b",
        "type": "github"
      },
      "original": {
        "owner": "NixOS",
        "ref": "nixos-unstable",
        "repo": "nixpkgs",
        "type": "github"
      }
    },
    "root": {
      "inputs": {
        "nixpkgs": "nixpkgs"
      }
    }
  },
  "root": "root",
  "version": 7
}
